// !$*UTF8*$!
{
	archiveVersion = 1;
	classes = {
	};
	objectVersion = 55;
	objects = {

/* Begin PBXBuildFile section */
		DC4BCF6428C22A2E00E4B684 /* ExploreUITextField.swift in Sources */ = {isa = PBXBuildFile; fileRef = DC4BCF6328C22A2E00E4B684 /* ExploreUITextField.swift */; };
		DC4BCF6728C22C7700E4B684 /* UIView+constraints.swift in Sources */ = {isa = PBXBuildFile; fileRef = DC4BCF6628C22C7700E4B684 /* UIView+constraints.swift */; };
		DC76EE9228C8B57F00219D89 /* Restaurant.swift in Sources */ = {isa = PBXBuildFile; fileRef = DC76EE8F28C8B57F00219D89 /* Restaurant.swift */; };
		DC76EE9328C8B57F00219D89 /* GalleryCollectionViewCell.swift in Sources */ = {isa = PBXBuildFile; fileRef = DC76EE9028C8B57F00219D89 /* GalleryCollectionViewCell.swift */; };
		DC76EE9428C8B57F00219D89 /* ExploreUICollectionView.swift in Sources */ = {isa = PBXBuildFile; fileRef = DC76EE9128C8B57F00219D89 /* ExploreUICollectionView.swift */; };
		DCB37F2E28BF99040059DF76 /* ExploreViewController.swift in Sources */ = {isa = PBXBuildFile; fileRef = DCB37F2D28BF99040059DF76 /* ExploreViewController.swift */; };
		DCB37F3028BF9A070059DF76 /* MyOrderViewController.swift in Sources */ = {isa = PBXBuildFile; fileRef = DCB37F2F28BF9A070059DF76 /* MyOrderViewController.swift */; };
		DCB37F3228BFA00E0059DF76 /* FavouriteViewController.swift in Sources */ = {isa = PBXBuildFile; fileRef = DCB37F3128BFA00E0059DF76 /* FavouriteViewController.swift */; };
		DCB37F3428BFA04E0059DF76 /* ProfileViewController.swift in Sources */ = {isa = PBXBuildFile; fileRef = DCB37F3328BFA04E0059DF76 /* ProfileViewController.swift */; };
		DCB44AE728C68A9500171F55 /* Color.swift in Sources */ = {isa = PBXBuildFile; fileRef = DCB44AE628C68A9500171F55 /* Color.swift */; };
		DCCBB29E28CDEFFC003F51CC /* NSMutableAttributedString+setColor.swift in Sources */ = {isa = PBXBuildFile; fileRef = DCCBB29D28CDEFFC003F51CC /* NSMutableAttributedString+setColor.swift */; };
		DCCBB2A528CE025B003F51CC /* ExploreUICollectionView+Constants.swift in Sources */ = {isa = PBXBuildFile; fileRef = DCCBB2A428CE025B003F51CC /* ExploreUICollectionView+Constants.swift */; };
		DCCBB2A728CE5866003F51CC /* ExploreUIImageView.swift in Sources */ = {isa = PBXBuildFile; fileRef = DCCBB2A628CE5866003F51CC /* ExploreUIImageView.swift */; };
		DCCBB2AB28CF32EC003F51CC /* ExploreUILabel.swift in Sources */ = {isa = PBXBuildFile; fileRef = DCCBB2AA28CF32EC003F51CC /* ExploreUILabel.swift */; };
		DCCBB2AE28D1E8D9003F51CC /* ExploreUIStackView.swift in Sources */ = {isa = PBXBuildFile; fileRef = DCCBB2AD28D1E8D9003F51CC /* ExploreUIStackView.swift */; };
		DCF5FC3128BE2523006BE6D4 /* AppDelegate.swift in Sources */ = {isa = PBXBuildFile; fileRef = DCF5FC3028BE2523006BE6D4 /* AppDelegate.swift */; };
		DCF5FC3328BE2523006BE6D4 /* SceneDelegate.swift in Sources */ = {isa = PBXBuildFile; fileRef = DCF5FC3228BE2523006BE6D4 /* SceneDelegate.swift */; };
		DCF5FC3528BE2523006BE6D4 /* TabBarController.swift in Sources */ = {isa = PBXBuildFile; fileRef = DCF5FC3428BE2523006BE6D4 /* TabBarController.swift */; };
		DCF5FC3A28BE2526006BE6D4 /* Assets.xcassets in Resources */ = {isa = PBXBuildFile; fileRef = DCF5FC3928BE2526006BE6D4 /* Assets.xcassets */; };
		DCF5FC3D28BE2526006BE6D4 /* LaunchScreen.storyboard in Resources */ = {isa = PBXBuildFile; fileRef = DCF5FC3B28BE2526006BE6D4 /* LaunchScreen.storyboard */; };
/* End PBXBuildFile section */

/* Begin PBXFileReference section */
		DC4BCF6328C22A2E00E4B684 /* ExploreUITextField.swift */ = {isa = PBXFileReference; lastKnownFileType = sourcecode.swift; path = ExploreUITextField.swift; sourceTree = "<group>"; };
		DC4BCF6628C22C7700E4B684 /* UIView+constraints.swift */ = {isa = PBXFileReference; lastKnownFileType = sourcecode.swift; path = "UIView+constraints.swift"; sourceTree = "<group>"; };
		DC76EE8F28C8B57F00219D89 /* Restaurant.swift */ = {isa = PBXFileReference; fileEncoding = 4; lastKnownFileType = sourcecode.swift; path = Restaurant.swift; sourceTree = "<group>"; };
		DC76EE9028C8B57F00219D89 /* GalleryCollectionViewCell.swift */ = {isa = PBXFileReference; fileEncoding = 4; lastKnownFileType = sourcecode.swift; path = GalleryCollectionViewCell.swift; sourceTree = "<group>"; };
		DC76EE9128C8B57F00219D89 /* ExploreUICollectionView.swift */ = {isa = PBXFileReference; fileEncoding = 4; lastKnownFileType = sourcecode.swift; path = ExploreUICollectionView.swift; sourceTree = "<group>"; };
		DCB37F2D28BF99040059DF76 /* ExploreViewController.swift */ = {isa = PBXFileReference; lastKnownFileType = sourcecode.swift; path = ExploreViewController.swift; sourceTree = "<group>"; };
		DCB37F2F28BF9A070059DF76 /* MyOrderViewController.swift */ = {isa = PBXFileReference; lastKnownFileType = sourcecode.swift; path = MyOrderViewController.swift; sourceTree = "<group>"; };
		DCB37F3128BFA00E0059DF76 /* FavouriteViewController.swift */ = {isa = PBXFileReference; lastKnownFileType = sourcecode.swift; path = FavouriteViewController.swift; sourceTree = "<group>"; };
		DCB37F3328BFA04E0059DF76 /* ProfileViewController.swift */ = {isa = PBXFileReference; lastKnownFileType = sourcecode.swift; path = ProfileViewController.swift; sourceTree = "<group>"; };
		DCB44AE628C68A9500171F55 /* Color.swift */ = {isa = PBXFileReference; lastKnownFileType = sourcecode.swift; path = Color.swift; sourceTree = "<group>"; };
		DCCBB29D28CDEFFC003F51CC /* NSMutableAttributedString+setColor.swift */ = {isa = PBXFileReference; lastKnownFileType = sourcecode.swift; path = "NSMutableAttributedString+setColor.swift"; sourceTree = "<group>"; };
		DCCBB2A428CE025B003F51CC /* ExploreUICollectionView+Constants.swift */ = {isa = PBXFileReference; lastKnownFileType = sourcecode.swift; path = "ExploreUICollectionView+Constants.swift"; sourceTree = "<group>"; };
		DCCBB2A628CE5866003F51CC /* ExploreUIImageView.swift */ = {isa = PBXFileReference; lastKnownFileType = sourcecode.swift; path = ExploreUIImageView.swift; sourceTree = "<group>"; };
		DCCBB2AA28CF32EC003F51CC /* ExploreUILabel.swift */ = {isa = PBXFileReference; lastKnownFileType = sourcecode.swift; path = ExploreUILabel.swift; sourceTree = "<group>"; };
		DCCBB2AD28D1E8D9003F51CC /* ExploreUIStackView.swift */ = {isa = PBXFileReference; lastKnownFileType = sourcecode.swift; path = ExploreUIStackView.swift; sourceTree = "<group>"; };
		DCF5FC2D28BE2523006BE6D4 /* FoodExplorer.app */ = {isa = PBXFileReference; explicitFileType = wrapper.application; includeInIndex = 0; path = FoodExplorer.app; sourceTree = BUILT_PRODUCTS_DIR; };
		DCF5FC3028BE2523006BE6D4 /* AppDelegate.swift */ = {isa = PBXFileReference; lastKnownFileType = sourcecode.swift; path = AppDelegate.swift; sourceTree = "<group>"; };
		DCF5FC3228BE2523006BE6D4 /* SceneDelegate.swift */ = {isa = PBXFileReference; lastKnownFileType = sourcecode.swift; path = SceneDelegate.swift; sourceTree = "<group>"; };
		DCF5FC3428BE2523006BE6D4 /* TabBarController.swift */ = {isa = PBXFileReference; lastKnownFileType = sourcecode.swift; path = TabBarController.swift; sourceTree = "<group>"; };
		DCF5FC3928BE2526006BE6D4 /* Assets.xcassets */ = {isa = PBXFileReference; lastKnownFileType = folder.assetcatalog; path = Assets.xcassets; sourceTree = "<group>"; };
		DCF5FC3C28BE2526006BE6D4 /* Base */ = {isa = PBXFileReference; lastKnownFileType = file.storyboard; name = Base; path = Base.lproj/LaunchScreen.storyboard; sourceTree = "<group>"; };
		DCF5FC3E28BE2526006BE6D4 /* Info.plist */ = {isa = PBXFileReference; lastKnownFileType = text.plist.xml; path = Info.plist; sourceTree = "<group>"; };
/* End PBXFileReference section */

/* Begin PBXFrameworksBuildPhase section */
		DCF5FC2A28BE2523006BE6D4 /* Frameworks */ = {
			isa = PBXFrameworksBuildPhase;
			buildActionMask = 2147483647;
			files = (
			);
			runOnlyForDeploymentPostprocessing = 0;
		};
/* End PBXFrameworksBuildPhase section */

/* Begin PBXGroup section */
		DC4BCF6128C229CF00E4B684 /* Custom */ = {
			isa = PBXGroup;
			children = (
				DCCCC4CB28D4335500BB49D8 /* UICollectionView */,
				DCCBB2AC28D1E8B6003F51CC /* UIStackView */,
				DCCBB2A928CF32DA003F51CC /* UILabel */,
				DCCBB2A828CE5870003F51CC /* UIImageView */,
				DC4BCF6228C229E100E4B684 /* UITextField */,
			);
			path = Custom;
			sourceTree = "<group>";
		};
		DC4BCF6228C229E100E4B684 /* UITextField */ = {
			isa = PBXGroup;
			children = (
				DC4BCF6328C22A2E00E4B684 /* ExploreUITextField.swift */,
			);
			path = UITextField;
			sourceTree = "<group>";
		};
		DC4BCF6528C22C5D00E4B684 /* Extension */ = {
			isa = PBXGroup;
			children = (
				DCCBB2A428CE025B003F51CC /* ExploreUICollectionView+Constants.swift */,
				DC4BCF6628C22C7700E4B684 /* UIView+constraints.swift */,
				DCCBB29D28CDEFFC003F51CC /* NSMutableAttributedString+setColor.swift */,
			);
			path = Extension;
			sourceTree = "<group>";
		};
		DC76EE9528C8BC8D00219D89 /* Models */ = {
			isa = PBXGroup;
			children = (
				DC76EE8F28C8B57F00219D89 /* Restaurant.swift */,
			);
			path = Models;
			sourceTree = "<group>";
		};
		DCB37F2A28BF98C90059DF76 /* TabBar */ = {
			isa = PBXGroup;
			children = (
				DCF5FC3428BE2523006BE6D4 /* TabBarController.swift */,
			);
			path = TabBar;
			sourceTree = "<group>";
		};
		DCB37F2B28BF98E20059DF76 /* Main */ = {
			isa = PBXGroup;
			children = (
				DCCBB29F28CE00C1003F51CC /* Explore Screen */,
				DCCBB2A028CE00E6003F51CC /* Favourite Screen */,
				DCCBB2A128CE010C003F51CC /* MyOrder Screen */,
				DCCBB2A228CE0118003F51CC /* Profile Screen */,
			);
			path = Main;
			sourceTree = "<group>";
		};
		DCCBB29F28CE00C1003F51CC /* Explore Screen */ = {
			isa = PBXGroup;
			children = (
				DCB37F2D28BF99040059DF76 /* ExploreViewController.swift */,
			);
			path = "Explore Screen";
			sourceTree = "<group>";
		};
		DCCBB2A028CE00E6003F51CC /* Favourite Screen */ = {
			isa = PBXGroup;
			children = (
				DCB37F3128BFA00E0059DF76 /* FavouriteViewController.swift */,
			);
			path = "Favourite Screen";
			sourceTree = "<group>";
		};
		DCCBB2A128CE010C003F51CC /* MyOrder Screen */ = {
			isa = PBXGroup;
			children = (
				DCB37F2F28BF9A070059DF76 /* MyOrderViewController.swift */,
			);
			path = "MyOrder Screen";
			sourceTree = "<group>";
		};
		DCCBB2A228CE0118003F51CC /* Profile Screen */ = {
			isa = PBXGroup;
			children = (
				DCB37F3328BFA04E0059DF76 /* ProfileViewController.swift */,
			);
			path = "Profile Screen";
			sourceTree = "<group>";
		};
		DCCBB2A828CE5870003F51CC /* UIImageView */ = {
			isa = PBXGroup;
			children = (
				DCCBB2A628CE5866003F51CC /* ExploreUIImageView.swift */,
			);
			path = UIImageView;
			sourceTree = "<group>";
		};
		DCCBB2A928CF32DA003F51CC /* UILabel */ = {
			isa = PBXGroup;
			children = (
				DCCBB2AA28CF32EC003F51CC /* ExploreUILabel.swift */,
			);
			path = UILabel;
			sourceTree = "<group>";
		};
		DCCBB2AC28D1E8B6003F51CC /* UIStackView */ = {
			isa = PBXGroup;
			children = (
				DCCBB2AD28D1E8D9003F51CC /* ExploreUIStackView.swift */,
			);
			path = UIStackView;
			sourceTree = "<group>";
		};
		DCCCC4CB28D4335500BB49D8 /* UICollectionView */ = {
			isa = PBXGroup;
			children = (
				DC76EE9128C8B57F00219D89 /* ExploreUICollectionView.swift */,
			);
			path = UICollectionView;
			sourceTree = "<group>";
		};
		DCCCC4CE28D4388900BB49D8 /* Cell */ = {
			isa = PBXGroup;
			children = (
				DC76EE9028C8B57F00219D89 /* GalleryCollectionViewCell.swift */,
			);
			path = Cell;
			sourceTree = "<group>";
		};
		DCF5FC2428BE2523006BE6D4 = {
			isa = PBXGroup;
			children = (
				DCF5FC2F28BE2523006BE6D4 /* FoodExplorer */,
				DCF5FC2E28BE2523006BE6D4 /* Products */,
			);
			sourceTree = "<group>";
		};
		DCF5FC2E28BE2523006BE6D4 /* Products */ = {
			isa = PBXGroup;
			children = (
				DCF5FC2D28BE2523006BE6D4 /* FoodExplorer.app */,
			);
			name = Products;
			sourceTree = "<group>";
		};
		DCF5FC2F28BE2523006BE6D4 /* FoodExplorer */ = {
			isa = PBXGroup;
			children = (
				DCF5FC5028BE280E006BE6D4 /* Assets */,
				DCCCC4CE28D4388900BB49D8 /* Cell */,
				DCF5FC4E28BE27ED006BE6D4 /* Controllers */,
				DC4BCF6128C229CF00E4B684 /* Custom */,
				DCF5FC4D28BE27CC006BE6D4 /* Delegate */,
				DC4BCF6528C22C5D00E4B684 /* Extension */,
				DCF5FC3E28BE2526006BE6D4 /* Info.plist */,
				DC76EE9528C8BC8D00219D89 /* Models */,
				DCF5FC4F28BE27FE006BE6D4 /* Storyboards */,
			);
			path = FoodExplorer;
			sourceTree = "<group>";
		};
		DCF5FC4D28BE27CC006BE6D4 /* Delegate */ = {
			isa = PBXGroup;
			children = (
				DCF5FC3028BE2523006BE6D4 /* AppDelegate.swift */,
				DCF5FC3228BE2523006BE6D4 /* SceneDelegate.swift */,
			);
			path = Delegate;
			sourceTree = "<group>";
		};
		DCF5FC4E28BE27ED006BE6D4 /* Controllers */ = {
			isa = PBXGroup;
			children = (
				DCB37F2B28BF98E20059DF76 /* Main */,
				DCB37F2A28BF98C90059DF76 /* TabBar */,
			);
			path = Controllers;
			sourceTree = "<group>";
		};
		DCF5FC4F28BE27FE006BE6D4 /* Storyboards */ = {
			isa = PBXGroup;
			children = (
				DCF5FC3B28BE2526006BE6D4 /* LaunchScreen.storyboard */,
			);
			path = Storyboards;
			sourceTree = "<group>";
		};
		DCF5FC5028BE280E006BE6D4 /* Assets */ = {
			isa = PBXGroup;
			children = (
				DCF5FC3928BE2526006BE6D4 /* Assets.xcassets */,
				DCB44AE628C68A9500171F55 /* Color.swift */,
			);
			path = Assets;
			sourceTree = "<group>";
		};
/* End PBXGroup section */

/* Begin PBXNativeTarget section */
		DCF5FC2C28BE2523006BE6D4 /* FoodExplorer */ = {
			isa = PBXNativeTarget;
			buildConfigurationList = DCF5FC4128BE2526006BE6D4 /* Build configuration list for PBXNativeTarget "FoodExplorer" */;
			buildPhases = (
				DCF5FC2928BE2523006BE6D4 /* Sources */,
				DCF5FC2A28BE2523006BE6D4 /* Frameworks */,
				DCF5FC2B28BE2523006BE6D4 /* Resources */,
				DC4BCF6028C2219200E4B684 /* ShellScript */,
			);
			buildRules = (
			);
			dependencies = (
			);
			name = FoodExplorer;
			productName = FoodExplorer;
			productReference = DCF5FC2D28BE2523006BE6D4 /* FoodExplorer.app */;
			productType = "com.apple.product-type.application";
		};
/* End PBXNativeTarget section */

/* Begin PBXProject section */
		DCF5FC2528BE2523006BE6D4 /* Project object */ = {
			isa = PBXProject;
			attributes = {
				BuildIndependentTargetsInParallel = 1;
				LastSwiftUpdateCheck = 1340;
				LastUpgradeCheck = 1340;
				TargetAttributes = {
					DCF5FC2C28BE2523006BE6D4 = {
						CreatedOnToolsVersion = 13.4.1;
					};
				};
			};
			buildConfigurationList = DCF5FC2828BE2523006BE6D4 /* Build configuration list for PBXProject "FoodExplorer" */;
			compatibilityVersion = "Xcode 13.0";
			developmentRegion = en;
			hasScannedForEncodings = 0;
			knownRegions = (
				en,
				Base,
			);
			mainGroup = DCF5FC2428BE2523006BE6D4;
			productRefGroup = DCF5FC2E28BE2523006BE6D4 /* Products */;
			projectDirPath = "";
			projectRoot = "";
			targets = (
				DCF5FC2C28BE2523006BE6D4 /* FoodExplorer */,
			);
		};
/* End PBXProject section */

/* Begin PBXResourcesBuildPhase section */
		DCF5FC2B28BE2523006BE6D4 /* Resources */ = {
			isa = PBXResourcesBuildPhase;
			buildActionMask = 2147483647;
			files = (
				DCF5FC3D28BE2526006BE6D4 /* LaunchScreen.storyboard in Resources */,
				DCF5FC3A28BE2526006BE6D4 /* Assets.xcassets in Resources */,
			);
			runOnlyForDeploymentPostprocessing = 0;
		};
/* End PBXResourcesBuildPhase section */

/* Begin PBXShellScriptBuildPhase section */
		DC4BCF6028C2219200E4B684 /* ShellScript */ = {
			isa = PBXShellScriptBuildPhase;
			buildActionMask = 2147483647;
			files = (
			);
			inputFileListPaths = (
			);
			inputPaths = (
			);
			outputFileListPaths = (
			);
			outputPaths = (
			);
			runOnlyForDeploymentPostprocessing = 0;
			shellPath = /bin/sh;
			shellScript = "if test -d \"/opt/homebrew/bin/\"; then\n  PATH=\"/opt/homebrew/bin/:${PATH}\"\nfi\n\nexport PATH\n\nif which swiftlint >/dev/null; then\n  swiftlint\nelse\n  echo \"warning: SwiftLint not installed, download from https://github.com/realm/SwiftLint\"\nfi\n";
		};
/* End PBXShellScriptBuildPhase section */

/* Begin PBXSourcesBuildPhase section */
		DCF5FC2928BE2523006BE6D4 /* Sources */ = {
			isa = PBXSourcesBuildPhase;
			buildActionMask = 2147483647;
			files = (
				DC76EE9428C8B57F00219D89 /* ExploreUICollectionView.swift in Sources */,
				DCB37F2E28BF99040059DF76 /* ExploreViewController.swift in Sources */,
				DC76EE9328C8B57F00219D89 /* GalleryCollectionViewCell.swift in Sources */,
				DC4BCF6428C22A2E00E4B684 /* ExploreUITextField.swift in Sources */,
				DCF5FC3528BE2523006BE6D4 /* TabBarController.swift in Sources */,
				DCCBB2A528CE025B003F51CC /* ExploreUICollectionView+Constants.swift in Sources */,
				DC76EE9228C8B57F00219D89 /* Restaurant.swift in Sources */,
				DCB44AE728C68A9500171F55 /* Color.swift in Sources */,
				DCCBB2A728CE5866003F51CC /* ExploreUIImageView.swift in Sources */,
				DCCBB2AE28D1E8D9003F51CC /* ExploreUIStackView.swift in Sources */,
				DCCBB29E28CDEFFC003F51CC /* NSMutableAttributedString+setColor.swift in Sources */,
				DCF5FC3128BE2523006BE6D4 /* AppDelegate.swift in Sources */,
				DCB37F3028BF9A070059DF76 /* MyOrderViewController.swift in Sources */,
				DCCBB2AB28CF32EC003F51CC /* ExploreUILabel.swift in Sources */,
				DCB37F3428BFA04E0059DF76 /* ProfileViewController.swift in Sources */,
				DCB37F3228BFA00E0059DF76 /* FavouriteViewController.swift in Sources */,
				DC4BCF6728C22C7700E4B684 /* UIView+constraints.swift in Sources */,
				DCF5FC3328BE2523006BE6D4 /* SceneDelegate.swift in Sources */,
			);
			runOnlyForDeploymentPostprocessing = 0;
		};
/* End PBXSourcesBuildPhase section */

/* Begin PBXVariantGroup section */
		DCF5FC3B28BE2526006BE6D4 /* LaunchScreen.storyboard */ = {
			isa = PBXVariantGroup;
			children = (
				DCF5FC3C28BE2526006BE6D4 /* Base */,
			);
			name = LaunchScreen.storyboard;
			sourceTree = "<group>";
		};
/* End PBXVariantGroup section */

/* Begin XCBuildConfiguration section */
		DCF5FC3F28BE2526006BE6D4 /* Debug */ = {
			isa = XCBuildConfiguration;
			buildSettings = {
				ALWAYS_SEARCH_USER_PATHS = NO;
				CLANG_ANALYZER_NONNULL = YES;
				CLANG_ANALYZER_NUMBER_OBJECT_CONVERSION = YES_AGGRESSIVE;
				CLANG_CXX_LANGUAGE_STANDARD = "gnu++17";
				CLANG_ENABLE_MODULES = YES;
				CLANG_ENABLE_OBJC_ARC = YES;
				CLANG_ENABLE_OBJC_WEAK = YES;
				CLANG_WARN_BLOCK_CAPTURE_AUTORELEASING = YES;
				CLANG_WARN_BOOL_CONVERSION = YES;
				CLANG_WARN_COMMA = YES;
				CLANG_WARN_CONSTANT_CONVERSION = YES;
				CLANG_WARN_DEPRECATED_OBJC_IMPLEMENTATIONS = YES;
				CLANG_WARN_DIRECT_OBJC_ISA_USAGE = YES_ERROR;
				CLANG_WARN_DOCUMENTATION_COMMENTS = YES;
				CLANG_WARN_EMPTY_BODY = YES;
				CLANG_WARN_ENUM_CONVERSION = YES;
				CLANG_WARN_INFINITE_RECURSION = YES;
				CLANG_WARN_INT_CONVERSION = YES;
				CLANG_WARN_NON_LITERAL_NULL_CONVERSION = YES;
				CLANG_WARN_OBJC_IMPLICIT_RETAIN_SELF = YES;
				CLANG_WARN_OBJC_LITERAL_CONVERSION = YES;
				CLANG_WARN_OBJC_ROOT_CLASS = YES_ERROR;
				CLANG_WARN_QUOTED_INCLUDE_IN_FRAMEWORK_HEADER = YES;
				CLANG_WARN_RANGE_LOOP_ANALYSIS = YES;
				CLANG_WARN_STRICT_PROTOTYPES = YES;
				CLANG_WARN_SUSPICIOUS_MOVE = YES;
				CLANG_WARN_UNGUARDED_AVAILABILITY = YES_AGGRESSIVE;
				CLANG_WARN_UNREACHABLE_CODE = YES;
				CLANG_WARN__DUPLICATE_METHOD_MATCH = YES;
				COPY_PHASE_STRIP = NO;
				DEBUG_INFORMATION_FORMAT = dwarf;
				ENABLE_STRICT_OBJC_MSGSEND = YES;
				ENABLE_TESTABILITY = YES;
				GCC_C_LANGUAGE_STANDARD = gnu11;
				GCC_DYNAMIC_NO_PIC = NO;
				GCC_NO_COMMON_BLOCKS = YES;
				GCC_OPTIMIZATION_LEVEL = 0;
				GCC_PREPROCESSOR_DEFINITIONS = (
					"DEBUG=1",
					"$(inherited)",
				);
				GCC_WARN_64_TO_32_BIT_CONVERSION = YES;
				GCC_WARN_ABOUT_RETURN_TYPE = YES_ERROR;
				GCC_WARN_UNDECLARED_SELECTOR = YES;
				GCC_WARN_UNINITIALIZED_AUTOS = YES_AGGRESSIVE;
				GCC_WARN_UNUSED_FUNCTION = YES;
				GCC_WARN_UNUSED_VARIABLE = YES;
				IPHONEOS_DEPLOYMENT_TARGET = 15.5;
				MTL_ENABLE_DEBUG_INFO = INCLUDE_SOURCE;
				MTL_FAST_MATH = YES;
				ONLY_ACTIVE_ARCH = YES;
				SDKROOT = iphoneos;
				SWIFT_ACTIVE_COMPILATION_CONDITIONS = DEBUG;
				SWIFT_OPTIMIZATION_LEVEL = "-Onone";
			};
			name = Debug;
		};
		DCF5FC4028BE2526006BE6D4 /* Release */ = {
			isa = XCBuildConfiguration;
			buildSettings = {
				ALWAYS_SEARCH_USER_PATHS = NO;
				CLANG_ANALYZER_NONNULL = YES;
				CLANG_ANALYZER_NUMBER_OBJECT_CONVERSION = YES_AGGRESSIVE;
				CLANG_CXX_LANGUAGE_STANDARD = "gnu++17";
				CLANG_ENABLE_MODULES = YES;
				CLANG_ENABLE_OBJC_ARC = YES;
				CLANG_ENABLE_OBJC_WEAK = YES;
				CLANG_WARN_BLOCK_CAPTURE_AUTORELEASING = YES;
				CLANG_WARN_BOOL_CONVERSION = YES;
				CLANG_WARN_COMMA = YES;
				CLANG_WARN_CONSTANT_CONVERSION = YES;
				CLANG_WARN_DEPRECATED_OBJC_IMPLEMENTATIONS = YES;
				CLANG_WARN_DIRECT_OBJC_ISA_USAGE = YES_ERROR;
				CLANG_WARN_DOCUMENTATION_COMMENTS = YES;
				CLANG_WARN_EMPTY_BODY = YES;
				CLANG_WARN_ENUM_CONVERSION = YES;
				CLANG_WARN_INFINITE_RECURSION = YES;
				CLANG_WARN_INT_CONVERSION = YES;
				CLANG_WARN_NON_LITERAL_NULL_CONVERSION = YES;
				CLANG_WARN_OBJC_IMPLICIT_RETAIN_SELF = YES;
				CLANG_WARN_OBJC_LITERAL_CONVERSION = YES;
				CLANG_WARN_OBJC_ROOT_CLASS = YES_ERROR;
				CLANG_WARN_QUOTED_INCLUDE_IN_FRAMEWORK_HEADER = YES;
				CLANG_WARN_RANGE_LOOP_ANALYSIS = YES;
				CLANG_WARN_STRICT_PROTOTYPES = YES;
				CLANG_WARN_SUSPICIOUS_MOVE = YES;
				CLANG_WARN_UNGUARDED_AVAILABILITY = YES_AGGRESSIVE;
				CLANG_WARN_UNREACHABLE_CODE = YES;
				CLANG_WARN__DUPLICATE_METHOD_MATCH = YES;
				COPY_PHASE_STRIP = NO;
				DEBUG_INFORMATION_FORMAT = "dwarf-with-dsym";
				ENABLE_NS_ASSERTIONS = NO;
				ENABLE_STRICT_OBJC_MSGSEND = YES;
				GCC_C_LANGUAGE_STANDARD = gnu11;
				GCC_NO_COMMON_BLOCKS = YES;
				GCC_WARN_64_TO_32_BIT_CONVERSION = YES;
				GCC_WARN_ABOUT_RETURN_TYPE = YES_ERROR;
				GCC_WARN_UNDECLARED_SELECTOR = YES;
				GCC_WARN_UNINITIALIZED_AUTOS = YES_AGGRESSIVE;
				GCC_WARN_UNUSED_FUNCTION = YES;
				GCC_WARN_UNUSED_VARIABLE = YES;
				IPHONEOS_DEPLOYMENT_TARGET = 15.5;
				MTL_ENABLE_DEBUG_INFO = NO;
				MTL_FAST_MATH = YES;
				SDKROOT = iphoneos;
				SWIFT_COMPILATION_MODE = wholemodule;
				SWIFT_OPTIMIZATION_LEVEL = "-O";
				VALIDATE_PRODUCT = YES;
			};
			name = Release;
		};
		DCF5FC4228BE2526006BE6D4 /* Debug */ = {
			isa = XCBuildConfiguration;
			buildSettings = {
				ASSETCATALOG_COMPILER_APPICON_NAME = AppIcon;
				ASSETCATALOG_COMPILER_GLOBAL_ACCENT_COLOR_NAME = AccentColor;
				CODE_SIGN_STYLE = Automatic;
				CURRENT_PROJECT_VERSION = 1;
				DEVELOPMENT_TEAM = 88RH8RT76F;
				GENERATE_INFOPLIST_FILE = YES;
				INFOPLIST_FILE = FoodExplorer/Info.plist;
				INFOPLIST_KEY_UIApplicationSupportsIndirectInputEvents = YES;
				INFOPLIST_KEY_UILaunchStoryboardName = LaunchScreen;
				INFOPLIST_KEY_UISupportedInterfaceOrientations_iPad = "UIInterfaceOrientationPortrait UIInterfaceOrientationPortraitUpsideDown UIInterfaceOrientationLandscapeLeft UIInterfaceOrientationLandscapeRight";
				INFOPLIST_KEY_UISupportedInterfaceOrientations_iPhone = "UIInterfaceOrientationPortrait UIInterfaceOrientationLandscapeLeft UIInterfaceOrientationLandscapeRight";
				LD_RUNPATH_SEARCH_PATHS = (
					"$(inherited)",
					"@executable_path/Frameworks",
				);
				MARKETING_VERSION = 1.0;
				PRODUCT_BUNDLE_IDENTIFIER = AnatoliStepanuke.FoodExplorer;
				PRODUCT_NAME = "$(TARGET_NAME)";
				SWIFT_EMIT_LOC_STRINGS = YES;
				SWIFT_VERSION = 5.0;
				TARGETED_DEVICE_FAMILY = 1;
			};
			name = Debug;
		};
		DCF5FC4328BE2526006BE6D4 /* Release */ = {
			isa = XCBuildConfiguration;
			buildSettings = {
				ASSETCATALOG_COMPILER_APPICON_NAME = AppIcon;
				ASSETCATALOG_COMPILER_GLOBAL_ACCENT_COLOR_NAME = AccentColor;
				CODE_SIGN_STYLE = Automatic;
				CURRENT_PROJECT_VERSION = 1;
				DEVELOPMENT_TEAM = 88RH8RT76F;
				GENERATE_INFOPLIST_FILE = YES;
				INFOPLIST_FILE = FoodExplorer/Info.plist;
				INFOPLIST_KEY_UIApplicationSupportsIndirectInputEvents = YES;
				INFOPLIST_KEY_UILaunchStoryboardName = LaunchScreen;
				INFOPLIST_KEY_UISupportedInterfaceOrientations_iPad = "UIInterfaceOrientationPortrait UIInterfaceOrientationPortraitUpsideDown UIInterfaceOrientationLandscapeLeft UIInterfaceOrientationLandscapeRight";
				INFOPLIST_KEY_UISupportedInterfaceOrientations_iPhone = "UIInterfaceOrientationPortrait UIInterfaceOrientationLandscapeLeft UIInterfaceOrientationLandscapeRight";
				LD_RUNPATH_SEARCH_PATHS = (
					"$(inherited)",
					"@executable_path/Frameworks",
				);
				MARKETING_VERSION = 1.0;
				PRODUCT_BUNDLE_IDENTIFIER = AnatoliStepanuke.FoodExplorer;
				PRODUCT_NAME = "$(TARGET_NAME)";
				SWIFT_EMIT_LOC_STRINGS = YES;
				SWIFT_VERSION = 5.0;
				TARGETED_DEVICE_FAMILY = 1;
			};
			name = Release;
		};
/* End XCBuildConfiguration section */

/* Begin XCConfigurationList section */
		DCF5FC2828BE2523006BE6D4 /* Build configuration list for PBXProject "FoodExplorer" */ = {
			isa = XCConfigurationList;
			buildConfigurations = (
				DCF5FC3F28BE2526006BE6D4 /* Debug */,
				DCF5FC4028BE2526006BE6D4 /* Release */,
			);
			defaultConfigurationIsVisible = 0;
			defaultConfigurationName = Release;
		};
		DCF5FC4128BE2526006BE6D4 /* Build configuration list for PBXNativeTarget "FoodExplorer" */ = {
			isa = XCConfigurationList;
			buildConfigurations = (
				DCF5FC4228BE2526006BE6D4 /* Debug */,
				DCF5FC4328BE2526006BE6D4 /* Release */,
			);
			defaultConfigurationIsVisible = 0;
			defaultConfigurationName = Release;
		};
/* End XCConfigurationList section */
	};
	rootObject = DCF5FC2528BE2523006BE6D4 /* Project object */;
}
